
Microsoft Visual Studio Solution File, Format Version 12.00
# Visual Studio Version 17
VisualStudioVersion = 17.0.31903.59
MinimumVisualStudioVersion = 10.0.40219.1
Project("{2150E333-8FDC-42A3-9474-1A3956D46DE8}") = "Solution Items", "Solution Items", "{A35E3B56-A1CD-466A-9274-36901C003B96}"
	ProjectSection(SolutionItems) = preProject
		.github\workflows\build-test-deploy-functions.yml = .github\workflows\build-test-deploy-functions.yml
		Directory.Build.props = Directory.Build.props
	EndProjectSection
EndProject
Project("{9A19103F-16F7-4668-BE54-9A1E7A4F7556}") = "IYLTDSU.Signalling.Shared", "IYLTDSU.Signalling.Shared\IYLTDSU.Signalling.Shared.csproj", "{3875DCD0-29B6-470B-9710-171B956942AB}"
EndProject
Project("{9A19103F-16F7-4668-BE54-9A1E7A4F7556}") = "IYLTDSU-Signalling-OnDefault", "IYLTDSU-Signalling-OnDefault\IYLTDSU-Signalling-OnDefault.csproj", "{95B1ED91-1C19-470E-8984-AA713255CEB4}"
EndProject
Project("{9A19103F-16F7-4668-BE54-9A1E7A4F7556}") = "IYLTDSU-Signalling-OnDisconnect", "IYLTDSU-Signalling-OnDisconnect\IYLTDSU-Signalling-OnDisconnect.csproj", "{D117AFDE-E968-4AA3-9D2B-5B88D9C1B915}"
EndProject
Project("{9A19103F-16F7-4668-BE54-9A1E7A4F7556}") = "IYLTDSU-Games-X01-OnQueue", "IYLTDSU-Games-X01-OnQueue\IYLTDSU-Games-X01-OnQueue.csproj", "{36BC229F-24D2-4DE6-8580-593747A5B079}"
EndProject
Project("{9A19103F-16F7-4668-BE54-9A1E7A4F7556}") = "IYLTDSU-Games-X01-OnQueue.Tests", "IYLTDSU-Games-X01-OnQueue.Tests\IYLTDSU-Games-X01-OnQueue.Tests.csproj", "{8E5687F2-6729-40A7-9E8B-0D72BDCA12CE}"
EndProject
Project("{9A19103F-16F7-4668-BE54-9A1E7A4F7556}") = "IYLTDSU-Signalling-OnConnect", "IYLTDSU-Signalling-OnConnect\IYLTDSU-Signalling-OnConnect.csproj", "{87CC2C5E-E1B0-4885-8F6A-7304943778BC}"
EndProject
Project("{9A19103F-16F7-4668-BE54-9A1E7A4F7556}") = "IYLTDSU-Signalling-OnConnect.Tests", "IYLTDSU-Signalling-OnConnect.Tests\IYLTDSU-Signalling-OnConnect.Tests.csproj", "{4F307911-942D-40D2-8151-3479CB57169A}"
EndProject
Project("{9A19103F-16F7-4668-BE54-9A1E7A4F7556}") = "IYLTDSU-Signalling-OnDefault.Tests", "IYLTDSU-Signalling-OnDefault.Tests\IYLTDSU-Signalling-OnDefault.Tests.csproj", "{8B920584-4CDD-41AC-92F6-48C159ADC122}"
EndProject
Project("{9A19103F-16F7-4668-BE54-9A1E7A4F7556}") = "IYLTDSU-Signalling-OnDisconnect.Tests", "IYLTDSU-Signalling-OnDisconnect.Tests\IYLTDSU-Signalling-OnDisconnect.Tests.csproj", "{D88DC59B-4357-40A5-B05B-E96C92C18D84}"
EndProject
Project("{9A19103F-16F7-4668-BE54-9A1E7A4F7556}") = "IYLTDSU-Games-X01-OnScore", "IYLTDSU-Games-X01-OnScore\IYLTDSU-Games-X01-OnScore.csproj", "{774D990F-F8F3-46C2-8AF1-B6165E1D0AE8}"
EndProject
Project("{9A19103F-16F7-4668-BE54-9A1E7A4F7556}") = "IYLTDSU-Rooms-OnCreate", "IYLTDSU-Rooms-OnCreate\IYLTDSU-Rooms-OnCreate.csproj", "{FCE76CCB-BC14-4811-AEFF-D93CBE60E1AF}"
EndProject
Project("{9A19103F-16F7-4668-BE54-9A1E7A4F7556}") = "IYLTDSU-Rooms-OnJoin", "IYLTDSU-Rooms-OnJoin\IYLTDSU-Rooms-OnJoin.csproj", "{D5C9DE2A-04F0-427A-8B4F-286F2A6801B1}"
EndProject
Project("{9A19103F-16F7-4668-BE54-9A1E7A4F7556}") = "IYLTDSU-Rooms-OnLeave", "IYLTDSU-Rooms-OnLeave\IYLTDSU-Rooms-OnLeave.csproj", "{D83D1133-7E1D-4149-A7EF-CBA13FC46B28}"
EndProject
Project("{2150E333-8FDC-42A3-9474-1A3956D46DE8}") = "Games", "Games", "{F04E3216-07E6-4D58-88B0-C8CAC63377E1}"
EndProject
Project("{2150E333-8FDC-42A3-9474-1A3956D46DE8}") = "X01", "X01", "{735F93FB-78EC-4B8D-9DD5-CF52424F1E3D}"
EndProject
Project("{2150E333-8FDC-42A3-9474-1A3956D46DE8}") = "Rooms", "Rooms", "{572BA5D5-75FC-46DD-853B-0220DF2588AD}"
EndProject
Project("{2150E333-8FDC-42A3-9474-1A3956D46DE8}") = "Signalling", "Signalling", "{0692580E-A761-4495-AA2F-9DF69CCD7DC9}"
EndProject
Project("{9A19103F-16F7-4668-BE54-9A1E7A4F7556}") = "IYLTDSU-Games-X01-OnScore.Tests", "IYLTDSU-Games-X01-OnScore.Tests\IYLTDSU-Games-X01-OnScore.Tests.csproj", "{BD9CF453-6DF2-4A6D-B585-CF4BE625F25F}"
EndProject
Project("{9A19103F-16F7-4668-BE54-9A1E7A4F7556}") = "IYLTDSU-Rooms-OnCreate.Tests", "IYLTDSU-Rooms-OnCreate.Tests\IYLTDSU-Rooms-OnCreate.Tests.csproj", "{643F5E03-C3C6-4D15-A3F8-3240A9F3C8D9}"
EndProject
Project("{9A19103F-16F7-4668-BE54-9A1E7A4F7556}") = "IYLTDSU-Rooms-OnJoin.Tests", "IYLTDSU-Rooms-OnJoin.Tests\IYLTDSU-Rooms-OnJoin.Tests.csproj", "{8E8D0DFA-5D38-4C0B-9A25-6271D6B40E2D}"
EndProject
Project("{9A19103F-16F7-4668-BE54-9A1E7A4F7556}") = "IYLTDSU-Rooms-OnLeave.Tests", "IYLTDSU-Rooms-OnLeave.Tests\IYLTDSU-Rooms-OnLeave.Tests.csproj", "{E3CD54E6-A509-413F-BFC8-6E40029F9721}"
EndProject
Global
	GlobalSection(SolutionConfigurationPlatforms) = preSolution
		Debug|Any CPU = Debug|Any CPU
		Debug|x64 = Debug|x64
		Debug|x86 = Debug|x86
		Release|Any CPU = Release|Any CPU
		Release|x64 = Release|x64
		Release|x86 = Release|x86
	EndGlobalSection
	GlobalSection(ProjectConfigurationPlatforms) = postSolution
		{3875DCD0-29B6-470B-9710-171B956942AB}.Debug|Any CPU.ActiveCfg = Debug|Any CPU
		{3875DCD0-29B6-470B-9710-171B956942AB}.Debug|Any CPU.Build.0 = Debug|Any CPU
		{3875DCD0-29B6-470B-9710-171B956942AB}.Debug|x64.ActiveCfg = Debug|Any CPU
		{3875DCD0-29B6-470B-9710-171B956942AB}.Debug|x64.Build.0 = Debug|Any CPU
		{3875DCD0-29B6-470B-9710-171B956942AB}.Debug|x86.ActiveCfg = Debug|Any CPU
		{3875DCD0-29B6-470B-9710-171B956942AB}.Debug|x86.Build.0 = Debug|Any CPU
		{3875DCD0-29B6-470B-9710-171B956942AB}.Release|Any CPU.ActiveCfg = Release|Any CPU
		{3875DCD0-29B6-470B-9710-171B956942AB}.Release|Any CPU.Build.0 = Release|Any CPU
		{3875DCD0-29B6-470B-9710-171B956942AB}.Release|x64.ActiveCfg = Release|Any CPU
		{3875DCD0-29B6-470B-9710-171B956942AB}.Release|x64.Build.0 = Release|Any CPU
		{3875DCD0-29B6-470B-9710-171B956942AB}.Release|x86.ActiveCfg = Release|Any CPU
		{3875DCD0-29B6-470B-9710-171B956942AB}.Release|x86.Build.0 = Release|Any CPU
		{95B1ED91-1C19-470E-8984-AA713255CEB4}.Debug|Any CPU.ActiveCfg = Debug|Any CPU
		{95B1ED91-1C19-470E-8984-AA713255CEB4}.Debug|Any CPU.Build.0 = Debug|Any CPU
		{95B1ED91-1C19-470E-8984-AA713255CEB4}.Debug|x64.ActiveCfg = Debug|Any CPU
		{95B1ED91-1C19-470E-8984-AA713255CEB4}.Debug|x64.Build.0 = Debug|Any CPU
		{95B1ED91-1C19-470E-8984-AA713255CEB4}.Debug|x86.ActiveCfg = Debug|Any CPU
		{95B1ED91-1C19-470E-8984-AA713255CEB4}.Debug|x86.Build.0 = Debug|Any CPU
		{95B1ED91-1C19-470E-8984-AA713255CEB4}.Release|Any CPU.ActiveCfg = Release|Any CPU
		{95B1ED91-1C19-470E-8984-AA713255CEB4}.Release|Any CPU.Build.0 = Release|Any CPU
		{95B1ED91-1C19-470E-8984-AA713255CEB4}.Release|x64.ActiveCfg = Release|Any CPU
		{95B1ED91-1C19-470E-8984-AA713255CEB4}.Release|x64.Build.0 = Release|Any CPU
		{95B1ED91-1C19-470E-8984-AA713255CEB4}.Release|x86.ActiveCfg = Release|Any CPU
		{95B1ED91-1C19-470E-8984-AA713255CEB4}.Release|x86.Build.0 = Release|Any CPU
		{D117AFDE-E968-4AA3-9D2B-5B88D9C1B915}.Debug|Any CPU.ActiveCfg = Debug|Any CPU
		{D117AFDE-E968-4AA3-9D2B-5B88D9C1B915}.Debug|Any CPU.Build.0 = Debug|Any CPU
		{D117AFDE-E968-4AA3-9D2B-5B88D9C1B915}.Debug|x64.ActiveCfg = Debug|Any CPU
		{D117AFDE-E968-4AA3-9D2B-5B88D9C1B915}.Debug|x64.Build.0 = Debug|Any CPU
		{D117AFDE-E968-4AA3-9D2B-5B88D9C1B915}.Debug|x86.ActiveCfg = Debug|Any CPU
		{D117AFDE-E968-4AA3-9D2B-5B88D9C1B915}.Debug|x86.Build.0 = Debug|Any CPU
		{D117AFDE-E968-4AA3-9D2B-5B88D9C1B915}.Release|Any CPU.ActiveCfg = Release|Any CPU
		{D117AFDE-E968-4AA3-9D2B-5B88D9C1B915}.Release|Any CPU.Build.0 = Release|Any CPU
		{D117AFDE-E968-4AA3-9D2B-5B88D9C1B915}.Release|x64.ActiveCfg = Release|Any CPU
		{D117AFDE-E968-4AA3-9D2B-5B88D9C1B915}.Release|x64.Build.0 = Release|Any CPU
		{D117AFDE-E968-4AA3-9D2B-5B88D9C1B915}.Release|x86.ActiveCfg = Release|Any CPU
		{D117AFDE-E968-4AA3-9D2B-5B88D9C1B915}.Release|x86.Build.0 = Release|Any CPU
		{36BC229F-24D2-4DE6-8580-593747A5B079}.Debug|Any CPU.ActiveCfg = Debug|Any CPU
		{36BC229F-24D2-4DE6-8580-593747A5B079}.Debug|Any CPU.Build.0 = Debug|Any CPU
		{36BC229F-24D2-4DE6-8580-593747A5B079}.Debug|x64.ActiveCfg = Debug|Any CPU
		{36BC229F-24D2-4DE6-8580-593747A5B079}.Debug|x64.Build.0 = Debug|Any CPU
		{36BC229F-24D2-4DE6-8580-593747A5B079}.Debug|x86.ActiveCfg = Debug|Any CPU
		{36BC229F-24D2-4DE6-8580-593747A5B079}.Debug|x86.Build.0 = Debug|Any CPU
		{36BC229F-24D2-4DE6-8580-593747A5B079}.Release|Any CPU.ActiveCfg = Release|Any CPU
		{36BC229F-24D2-4DE6-8580-593747A5B079}.Release|Any CPU.Build.0 = Release|Any CPU
		{36BC229F-24D2-4DE6-8580-593747A5B079}.Release|x64.ActiveCfg = Release|Any CPU
		{36BC229F-24D2-4DE6-8580-593747A5B079}.Release|x64.Build.0 = Release|Any CPU
		{36BC229F-24D2-4DE6-8580-593747A5B079}.Release|x86.ActiveCfg = Release|Any CPU
		{36BC229F-24D2-4DE6-8580-593747A5B079}.Release|x86.Build.0 = Release|Any CPU
		{8E5687F2-6729-40A7-9E8B-0D72BDCA12CE}.Debug|Any CPU.ActiveCfg = Debug|Any CPU
		{8E5687F2-6729-40A7-9E8B-0D72BDCA12CE}.Debug|Any CPU.Build.0 = Debug|Any CPU
		{8E5687F2-6729-40A7-9E8B-0D72BDCA12CE}.Debug|x64.ActiveCfg = Debug|Any CPU
		{8E5687F2-6729-40A7-9E8B-0D72BDCA12CE}.Debug|x64.Build.0 = Debug|Any CPU
		{8E5687F2-6729-40A7-9E8B-0D72BDCA12CE}.Debug|x86.ActiveCfg = Debug|Any CPU
		{8E5687F2-6729-40A7-9E8B-0D72BDCA12CE}.Debug|x86.Build.0 = Debug|Any CPU
		{8E5687F2-6729-40A7-9E8B-0D72BDCA12CE}.Release|Any CPU.ActiveCfg = Release|Any CPU
		{8E5687F2-6729-40A7-9E8B-0D72BDCA12CE}.Release|Any CPU.Build.0 = Release|Any CPU
		{8E5687F2-6729-40A7-9E8B-0D72BDCA12CE}.Release|x64.ActiveCfg = Release|Any CPU
		{8E5687F2-6729-40A7-9E8B-0D72BDCA12CE}.Release|x64.Build.0 = Release|Any CPU
		{8E5687F2-6729-40A7-9E8B-0D72BDCA12CE}.Release|x86.ActiveCfg = Release|Any CPU
		{8E5687F2-6729-40A7-9E8B-0D72BDCA12CE}.Release|x86.Build.0 = Release|Any CPU
		{87CC2C5E-E1B0-4885-8F6A-7304943778BC}.Debug|Any CPU.ActiveCfg = Debug|Any CPU
		{87CC2C5E-E1B0-4885-8F6A-7304943778BC}.Debug|Any CPU.Build.0 = Debug|Any CPU
		{87CC2C5E-E1B0-4885-8F6A-7304943778BC}.Debug|x64.ActiveCfg = Debug|Any CPU
		{87CC2C5E-E1B0-4885-8F6A-7304943778BC}.Debug|x64.Build.0 = Debug|Any CPU
		{87CC2C5E-E1B0-4885-8F6A-7304943778BC}.Debug|x86.ActiveCfg = Debug|Any CPU
		{87CC2C5E-E1B0-4885-8F6A-7304943778BC}.Debug|x86.Build.0 = Debug|Any CPU
		{87CC2C5E-E1B0-4885-8F6A-7304943778BC}.Release|Any CPU.ActiveCfg = Release|Any CPU
		{87CC2C5E-E1B0-4885-8F6A-7304943778BC}.Release|Any CPU.Build.0 = Release|Any CPU
		{87CC2C5E-E1B0-4885-8F6A-7304943778BC}.Release|x64.ActiveCfg = Release|Any CPU
		{87CC2C5E-E1B0-4885-8F6A-7304943778BC}.Release|x64.Build.0 = Release|Any CPU
		{87CC2C5E-E1B0-4885-8F6A-7304943778BC}.Release|x86.ActiveCfg = Release|Any CPU
		{87CC2C5E-E1B0-4885-8F6A-7304943778BC}.Release|x86.Build.0 = Release|Any CPU
		{4F307911-942D-40D2-8151-3479CB57169A}.Debug|Any CPU.ActiveCfg = Debug|Any CPU
		{4F307911-942D-40D2-8151-3479CB57169A}.Debug|Any CPU.Build.0 = Debug|Any CPU
		{4F307911-942D-40D2-8151-3479CB57169A}.Debug|x64.ActiveCfg = Debug|Any CPU
		{4F307911-942D-40D2-8151-3479CB57169A}.Debug|x64.Build.0 = Debug|Any CPU
		{4F307911-942D-40D2-8151-3479CB57169A}.Debug|x86.ActiveCfg = Debug|Any CPU
		{4F307911-942D-40D2-8151-3479CB57169A}.Debug|x86.Build.0 = Debug|Any CPU
		{4F307911-942D-40D2-8151-3479CB57169A}.Release|Any CPU.ActiveCfg = Release|Any CPU
		{4F307911-942D-40D2-8151-3479CB57169A}.Release|Any CPU.Build.0 = Release|Any CPU
		{4F307911-942D-40D2-8151-3479CB57169A}.Release|x64.ActiveCfg = Release|Any CPU
		{4F307911-942D-40D2-8151-3479CB57169A}.Release|x64.Build.0 = Release|Any CPU
		{4F307911-942D-40D2-8151-3479CB57169A}.Release|x86.ActiveCfg = Release|Any CPU
		{4F307911-942D-40D2-8151-3479CB57169A}.Release|x86.Build.0 = Release|Any CPU
		{8B920584-4CDD-41AC-92F6-48C159ADC122}.Debug|Any CPU.ActiveCfg = Debug|Any CPU
		{8B920584-4CDD-41AC-92F6-48C159ADC122}.Debug|Any CPU.Build.0 = Debug|Any CPU
		{8B920584-4CDD-41AC-92F6-48C159ADC122}.Debug|x64.ActiveCfg = Debug|Any CPU
		{8B920584-4CDD-41AC-92F6-48C159ADC122}.Debug|x64.Build.0 = Debug|Any CPU
		{8B920584-4CDD-41AC-92F6-48C159ADC122}.Debug|x86.ActiveCfg = Debug|Any CPU
		{8B920584-4CDD-41AC-92F6-48C159ADC122}.Debug|x86.Build.0 = Debug|Any CPU
		{8B920584-4CDD-41AC-92F6-48C159ADC122}.Release|Any CPU.ActiveCfg = Release|Any CPU
		{8B920584-4CDD-41AC-92F6-48C159ADC122}.Release|Any CPU.Build.0 = Release|Any CPU
		{8B920584-4CDD-41AC-92F6-48C159ADC122}.Release|x64.ActiveCfg = Release|Any CPU
		{8B920584-4CDD-41AC-92F6-48C159ADC122}.Release|x64.Build.0 = Release|Any CPU
		{8B920584-4CDD-41AC-92F6-48C159ADC122}.Release|x86.ActiveCfg = Release|Any CPU
		{8B920584-4CDD-41AC-92F6-48C159ADC122}.Release|x86.Build.0 = Release|Any CPU
		{D88DC59B-4357-40A5-B05B-E96C92C18D84}.Debug|Any CPU.ActiveCfg = Debug|Any CPU
		{D88DC59B-4357-40A5-B05B-E96C92C18D84}.Debug|Any CPU.Build.0 = Debug|Any CPU
		{D88DC59B-4357-40A5-B05B-E96C92C18D84}.Debug|x64.ActiveCfg = Debug|Any CPU
		{D88DC59B-4357-40A5-B05B-E96C92C18D84}.Debug|x64.Build.0 = Debug|Any CPU
		{D88DC59B-4357-40A5-B05B-E96C92C18D84}.Debug|x86.ActiveCfg = Debug|Any CPU
		{D88DC59B-4357-40A5-B05B-E96C92C18D84}.Debug|x86.Build.0 = Debug|Any CPU
		{D88DC59B-4357-40A5-B05B-E96C92C18D84}.Release|Any CPU.ActiveCfg = Release|Any CPU
		{D88DC59B-4357-40A5-B05B-E96C92C18D84}.Release|Any CPU.Build.0 = Release|Any CPU
		{D88DC59B-4357-40A5-B05B-E96C92C18D84}.Release|x64.ActiveCfg = Release|Any CPU
		{D88DC59B-4357-40A5-B05B-E96C92C18D84}.Release|x64.Build.0 = Release|Any CPU
		{D88DC59B-4357-40A5-B05B-E96C92C18D84}.Release|x86.ActiveCfg = Release|Any CPU
		{D88DC59B-4357-40A5-B05B-E96C92C18D84}.Release|x86.Build.0 = Release|Any CPU
		{774D990F-F8F3-46C2-8AF1-B6165E1D0AE8}.Debug|Any CPU.ActiveCfg = Debug|Any CPU
		{774D990F-F8F3-46C2-8AF1-B6165E1D0AE8}.Debug|Any CPU.Build.0 = Debug|Any CPU
		{774D990F-F8F3-46C2-8AF1-B6165E1D0AE8}.Debug|x64.ActiveCfg = Debug|Any CPU
		{774D990F-F8F3-46C2-8AF1-B6165E1D0AE8}.Debug|x64.Build.0 = Debug|Any CPU
		{774D990F-F8F3-46C2-8AF1-B6165E1D0AE8}.Debug|x86.ActiveCfg = Debug|Any CPU
		{774D990F-F8F3-46C2-8AF1-B6165E1D0AE8}.Debug|x86.Build.0 = Debug|Any CPU
		{774D990F-F8F3-46C2-8AF1-B6165E1D0AE8}.Release|Any CPU.ActiveCfg = Release|Any CPU
		{774D990F-F8F3-46C2-8AF1-B6165E1D0AE8}.Release|Any CPU.Build.0 = Release|Any CPU
		{774D990F-F8F3-46C2-8AF1-B6165E1D0AE8}.Release|x64.ActiveCfg = Release|Any CPU
		{774D990F-F8F3-46C2-8AF1-B6165E1D0AE8}.Release|x64.Build.0 = Release|Any CPU
		{774D990F-F8F3-46C2-8AF1-B6165E1D0AE8}.Release|x86.ActiveCfg = Release|Any CPU
		{774D990F-F8F3-46C2-8AF1-B6165E1D0AE8}.Release|x86.Build.0 = Release|Any CPU
		{FCE76CCB-BC14-4811-AEFF-D93CBE60E1AF}.Debug|Any CPU.ActiveCfg = Debug|Any CPU
		{FCE76CCB-BC14-4811-AEFF-D93CBE60E1AF}.Debug|Any CPU.Build.0 = Debug|Any CPU
		{FCE76CCB-BC14-4811-AEFF-D93CBE60E1AF}.Debug|x64.ActiveCfg = Debug|Any CPU
		{FCE76CCB-BC14-4811-AEFF-D93CBE60E1AF}.Debug|x64.Build.0 = Debug|Any CPU
		{FCE76CCB-BC14-4811-AEFF-D93CBE60E1AF}.Debug|x86.ActiveCfg = Debug|Any CPU
		{FCE76CCB-BC14-4811-AEFF-D93CBE60E1AF}.Debug|x86.Build.0 = Debug|Any CPU
		{FCE76CCB-BC14-4811-AEFF-D93CBE60E1AF}.Release|Any CPU.ActiveCfg = Release|Any CPU
		{FCE76CCB-BC14-4811-AEFF-D93CBE60E1AF}.Release|Any CPU.Build.0 = Release|Any CPU
		{FCE76CCB-BC14-4811-AEFF-D93CBE60E1AF}.Release|x64.ActiveCfg = Release|Any CPU
		{FCE76CCB-BC14-4811-AEFF-D93CBE60E1AF}.Release|x64.Build.0 = Release|Any CPU
		{FCE76CCB-BC14-4811-AEFF-D93CBE60E1AF}.Release|x86.ActiveCfg = Release|Any CPU
		{FCE76CCB-BC14-4811-AEFF-D93CBE60E1AF}.Release|x86.Build.0 = Release|Any CPU
		{D5C9DE2A-04F0-427A-8B4F-286F2A6801B1}.Debug|Any CPU.ActiveCfg = Debug|Any CPU
		{D5C9DE2A-04F0-427A-8B4F-286F2A6801B1}.Debug|Any CPU.Build.0 = Debug|Any CPU
		{D5C9DE2A-04F0-427A-8B4F-286F2A6801B1}.Debug|x64.ActiveCfg = Debug|Any CPU
		{D5C9DE2A-04F0-427A-8B4F-286F2A6801B1}.Debug|x64.Build.0 = Debug|Any CPU
		{D5C9DE2A-04F0-427A-8B4F-286F2A6801B1}.Debug|x86.ActiveCfg = Debug|Any CPU
		{D5C9DE2A-04F0-427A-8B4F-286F2A6801B1}.Debug|x86.Build.0 = Debug|Any CPU
		{D5C9DE2A-04F0-427A-8B4F-286F2A6801B1}.Release|Any CPU.ActiveCfg = Release|Any CPU
		{D5C9DE2A-04F0-427A-8B4F-286F2A6801B1}.Release|Any CPU.Build.0 = Release|Any CPU
		{D5C9DE2A-04F0-427A-8B4F-286F2A6801B1}.Release|x64.ActiveCfg = Release|Any CPU
		{D5C9DE2A-04F0-427A-8B4F-286F2A6801B1}.Release|x64.Build.0 = Release|Any CPU
		{D5C9DE2A-04F0-427A-8B4F-286F2A6801B1}.Release|x86.ActiveCfg = Release|Any CPU
		{D5C9DE2A-04F0-427A-8B4F-286F2A6801B1}.Release|x86.Build.0 = Release|Any CPU
		{D83D1133-7E1D-4149-A7EF-CBA13FC46B28}.Debug|Any CPU.ActiveCfg = Debug|Any CPU
		{D83D1133-7E1D-4149-A7EF-CBA13FC46B28}.Debug|Any CPU.Build.0 = Debug|Any CPU
		{D83D1133-7E1D-4149-A7EF-CBA13FC46B28}.Debug|x64.ActiveCfg = Debug|Any CPU
		{D83D1133-7E1D-4149-A7EF-CBA13FC46B28}.Debug|x64.Build.0 = Debug|Any CPU
		{D83D1133-7E1D-4149-A7EF-CBA13FC46B28}.Debug|x86.ActiveCfg = Debug|Any CPU
		{D83D1133-7E1D-4149-A7EF-CBA13FC46B28}.Debug|x86.Build.0 = Debug|Any CPU
		{D83D1133-7E1D-4149-A7EF-CBA13FC46B28}.Release|Any CPU.ActiveCfg = Release|Any CPU
		{D83D1133-7E1D-4149-A7EF-CBA13FC46B28}.Release|Any CPU.Build.0 = Release|Any CPU
		{D83D1133-7E1D-4149-A7EF-CBA13FC46B28}.Release|x64.ActiveCfg = Release|Any CPU
		{D83D1133-7E1D-4149-A7EF-CBA13FC46B28}.Release|x64.Build.0 = Release|Any CPU
		{D83D1133-7E1D-4149-A7EF-CBA13FC46B28}.Release|x86.ActiveCfg = Release|Any CPU
		{D83D1133-7E1D-4149-A7EF-CBA13FC46B28}.Release|x86.Build.0 = Release|Any CPU
		{BD9CF453-6DF2-4A6D-B585-CF4BE625F25F}.Debug|Any CPU.ActiveCfg = Debug|Any CPU
		{BD9CF453-6DF2-4A6D-B585-CF4BE625F25F}.Debug|Any CPU.Build.0 = Debug|Any CPU
		{BD9CF453-6DF2-4A6D-B585-CF4BE625F25F}.Debug|x64.ActiveCfg = Debug|Any CPU
		{BD9CF453-6DF2-4A6D-B585-CF4BE625F25F}.Debug|x64.Build.0 = Debug|Any CPU
		{BD9CF453-6DF2-4A6D-B585-CF4BE625F25F}.Debug|x86.ActiveCfg = Debug|Any CPU
		{BD9CF453-6DF2-4A6D-B585-CF4BE625F25F}.Debug|x86.Build.0 = Debug|Any CPU
		{BD9CF453-6DF2-4A6D-B585-CF4BE625F25F}.Release|Any CPU.ActiveCfg = Release|Any CPU
		{BD9CF453-6DF2-4A6D-B585-CF4BE625F25F}.Release|Any CPU.Build.0 = Release|Any CPU
		{BD9CF453-6DF2-4A6D-B585-CF4BE625F25F}.Release|x64.ActiveCfg = Release|Any CPU
		{BD9CF453-6DF2-4A6D-B585-CF4BE625F25F}.Release|x64.Build.0 = Release|Any CPU
		{BD9CF453-6DF2-4A6D-B585-CF4BE625F25F}.Release|x86.ActiveCfg = Release|Any CPU
		{BD9CF453-6DF2-4A6D-B585-CF4BE625F25F}.Release|x86.Build.0 = Release|Any CPU
		{643F5E03-C3C6-4D15-A3F8-3240A9F3C8D9}.Debug|Any CPU.ActiveCfg = Debug|Any CPU
		{643F5E03-C3C6-4D15-A3F8-3240A9F3C8D9}.Debug|Any CPU.Build.0 = Debug|Any CPU
		{643F5E03-C3C6-4D15-A3F8-3240A9F3C8D9}.Debug|x64.ActiveCfg = Debug|Any CPU
		{643F5E03-C3C6-4D15-A3F8-3240A9F3C8D9}.Debug|x64.Build.0 = Debug|Any CPU
		{643F5E03-C3C6-4D15-A3F8-3240A9F3C8D9}.Debug|x86.ActiveCfg = Debug|Any CPU
		{643F5E03-C3C6-4D15-A3F8-3240A9F3C8D9}.Debug|x86.Build.0 = Debug|Any CPU
		{643F5E03-C3C6-4D15-A3F8-3240A9F3C8D9}.Release|Any CPU.ActiveCfg = Release|Any CPU
		{643F5E03-C3C6-4D15-A3F8-3240A9F3C8D9}.Release|Any CPU.Build.0 = Release|Any CPU
		{643F5E03-C3C6-4D15-A3F8-3240A9F3C8D9}.Release|x64.ActiveCfg = Release|Any CPU
		{643F5E03-C3C6-4D15-A3F8-3240A9F3C8D9}.Release|x64.Build.0 = Release|Any CPU
		{643F5E03-C3C6-4D15-A3F8-3240A9F3C8D9}.Release|x86.ActiveCfg = Release|Any CPU
		{643F5E03-C3C6-4D15-A3F8-3240A9F3C8D9}.Release|x86.Build.0 = Release|Any CPU
		{8E8D0DFA-5D38-4C0B-9A25-6271D6B40E2D}.Debug|Any CPU.ActiveCfg = Debug|Any CPU
		{8E8D0DFA-5D38-4C0B-9A25-6271D6B40E2D}.Debug|Any CPU.Build.0 = Debug|Any CPU
		{8E8D0DFA-5D38-4C0B-9A25-6271D6B40E2D}.Debug|x64.ActiveCfg = Debug|Any CPU
		{8E8D0DFA-5D38-4C0B-9A25-6271D6B40E2D}.Debug|x64.Build.0 = Debug|Any CPU
		{8E8D0DFA-5D38-4C0B-9A25-6271D6B40E2D}.Debug|x86.ActiveCfg = Debug|Any CPU
		{8E8D0DFA-5D38-4C0B-9A25-6271D6B40E2D}.Debug|x86.Build.0 = Debug|Any CPU
		{8E8D0DFA-5D38-4C0B-9A25-6271D6B40E2D}.Release|Any CPU.ActiveCfg = Release|Any CPU
		{8E8D0DFA-5D38-4C0B-9A25-6271D6B40E2D}.Release|Any CPU.Build.0 = Release|Any CPU
		{8E8D0DFA-5D38-4C0B-9A25-6271D6B40E2D}.Release|x64.ActiveCfg = Release|Any CPU
		{8E8D0DFA-5D38-4C0B-9A25-6271D6B40E2D}.Release|x64.Build.0 = Release|Any CPU
		{8E8D0DFA-5D38-4C0B-9A25-6271D6B40E2D}.Release|x86.ActiveCfg = Release|Any CPU
		{8E8D0DFA-5D38-4C0B-9A25-6271D6B40E2D}.Release|x86.Build.0 = Release|Any CPU
		{E3CD54E6-A509-413F-BFC8-6E40029F9721}.Debug|Any CPU.ActiveCfg = Debug|Any CPU
		{E3CD54E6-A509-413F-BFC8-6E40029F9721}.Debug|Any CPU.Build.0 = Debug|Any CPU
		{E3CD54E6-A509-413F-BFC8-6E40029F9721}.Debug|x64.ActiveCfg = Debug|Any CPU
		{E3CD54E6-A509-413F-BFC8-6E40029F9721}.Debug|x64.Build.0 = Debug|Any CPU
		{E3CD54E6-A509-413F-BFC8-6E40029F9721}.Debug|x86.ActiveCfg = Debug|Any CPU
		{E3CD54E6-A509-413F-BFC8-6E40029F9721}.Debug|x86.Build.0 = Debug|Any CPU
		{E3CD54E6-A509-413F-BFC8-6E40029F9721}.Release|Any CPU.ActiveCfg = Release|Any CPU
		{E3CD54E6-A509-413F-BFC8-6E40029F9721}.Release|Any CPU.Build.0 = Release|Any CPU
		{E3CD54E6-A509-413F-BFC8-6E40029F9721}.Release|x64.ActiveCfg = Release|Any CPU
		{E3CD54E6-A509-413F-BFC8-6E40029F9721}.Release|x64.Build.0 = Release|Any CPU
		{E3CD54E6-A509-413F-BFC8-6E40029F9721}.Release|x86.ActiveCfg = Release|Any CPU
		{E3CD54E6-A509-413F-BFC8-6E40029F9721}.Release|x86.Build.0 = Release|Any CPU
	EndGlobalSection
	GlobalSection(SolutionProperties) = preSolution
		HideSolutionNode = FALSE
	EndGlobalSection
	GlobalSection(NestedProjects) = preSolution
		{95B1ED91-1C19-470E-8984-AA713255CEB4} = {0692580E-A761-4495-AA2F-9DF69CCD7DC9}
		{D117AFDE-E968-4AA3-9D2B-5B88D9C1B915} = {0692580E-A761-4495-AA2F-9DF69CCD7DC9}
		{36BC229F-24D2-4DE6-8580-593747A5B079} = {735F93FB-78EC-4B8D-9DD5-CF52424F1E3D}
		{8E5687F2-6729-40A7-9E8B-0D72BDCA12CE} = {735F93FB-78EC-4B8D-9DD5-CF52424F1E3D}
		{87CC2C5E-E1B0-4885-8F6A-7304943778BC} = {0692580E-A761-4495-AA2F-9DF69CCD7DC9}
		{4F307911-942D-40D2-8151-3479CB57169A} = {0692580E-A761-4495-AA2F-9DF69CCD7DC9}
		{8B920584-4CDD-41AC-92F6-48C159ADC122} = {0692580E-A761-4495-AA2F-9DF69CCD7DC9}
		{D88DC59B-4357-40A5-B05B-E96C92C18D84} = {0692580E-A761-4495-AA2F-9DF69CCD7DC9}
		{774D990F-F8F3-46C2-8AF1-B6165E1D0AE8} = {735F93FB-78EC-4B8D-9DD5-CF52424F1E3D}
		{FCE76CCB-BC14-4811-AEFF-D93CBE60E1AF} = {572BA5D5-75FC-46DD-853B-0220DF2588AD}
		{D5C9DE2A-04F0-427A-8B4F-286F2A6801B1} = {572BA5D5-75FC-46DD-853B-0220DF2588AD}
		{D83D1133-7E1D-4149-A7EF-CBA13FC46B28} = {572BA5D5-75FC-46DD-853B-0220DF2588AD}
		{735F93FB-78EC-4B8D-9DD5-CF52424F1E3D} = {F04E3216-07E6-4D58-88B0-C8CAC63377E1}
		{BD9CF453-6DF2-4A6D-B585-CF4BE625F25F} = {735F93FB-78EC-4B8D-9DD5-CF52424F1E3D}
		{643F5E03-C3C6-4D15-A3F8-3240A9F3C8D9} = {572BA5D5-75FC-46DD-853B-0220DF2588AD}
		{8E8D0DFA-5D38-4C0B-9A25-6271D6B40E2D} = {572BA5D5-75FC-46DD-853B-0220DF2588AD}
		{E3CD54E6-A509-413F-BFC8-6E40029F9721} = {572BA5D5-75FC-46DD-853B-0220DF2588AD}
	EndGlobalSection
	GlobalSection(ExtensibilityGlobals) = postSolution
		SolutionGuid = {AE7BB26A-830D-4676-ACCB-6F524522BDFD}
	EndGlobalSection
EndGlobal
