
Microsoft Visual Studio Solution File, Format Version 12.00
# Visual Studio Version 17
VisualStudioVersion = 17.0.31903.59
MinimumVisualStudioVersion = 10.0.40219.1
Project("{9A19103F-16F7-4668-BE54-9A1E7A4F7556}") = "IYLTDSU.Signalling.Core", "IYLTDSU.Signalling.Core\IYLTDSU.Signalling.Core.csproj", "{538C52BA-2E48-47D2-8533-8CBDDEEBEA0A}"
EndProject
Project("{9A19103F-16F7-4668-BE54-9A1E7A4F7556}") = "IYLTDSU.Signalling.OnConnect", "IYLTDSU.Signalling.OnConnect\IYLTDSU.Signalling.OnConnect.csproj", "{1BF9C56C-C2FE-4655-AE8A-3C7875EF0613}"
EndProject
Project("{9A19103F-16F7-4668-BE54-9A1E7A4F7556}") = "IYLTDSU.Signalling.OnDisconnect", "IYLTDSU.Signalling.OnDisconnect\IYLTDSU.Signalling.OnDisconnect.csproj", "{FFF44706-53EB-4869-A451-6AFF0368BE63}"
EndProject
Project("{9A19103F-16F7-4668-BE54-9A1E7A4F7556}") = "IYLTDSU.Signalling.OnMessage", "IYLTDSU.Signalling.OnMessage\IYLTDSU.Signalling.OnMessage.csproj", "{E70CC11D-D76A-48C7-AD77-7FD5B07A7536}"
EndProject
Project("{9A19103F-16F7-4668-BE54-9A1E7A4F7556}") = "IYLTDSU.Signalling.Infrastructure", "IYLTDSU.Signalling.Infrastructure\IYLTDSU.Signalling.Infrastructure.csproj", "{CC9D808B-296D-4EA7-825B-F19EEB2D4E8C}"
EndProject
Project("{2150E333-8FDC-42A3-9474-1A3956D46DE8}") = "Solution Items", "Solution Items", "{A35E3B56-A1CD-466A-9274-36901C003B96}"
	ProjectSection(SolutionItems) = preProject
		.github\workflows\build-and-publish-onconnect.yml = .github\workflows\build-and-publish-onconnect.yml
		.github\workflows\build-and-publish-ondisconnect.yml = .github\workflows\build-and-publish-ondisconnect.yml
		.github\workflows\build-and-publish-onmessage.yml = .github\workflows\build-and-publish-onmessage.yml
		cdk.json = cdk.json
		docker-compose.yml = docker-compose.yml
		Dockerfile.OnConnect = Dockerfile.OnConnect
		Dockerfile.OnDisconnect = Dockerfile.OnDisconnect
		Dockerfile.OnMessage = Dockerfile.OnMessage
	EndProjectSection
EndProject
Global
	GlobalSection(SolutionConfigurationPlatforms) = preSolution
		Debug|Any CPU = Debug|Any CPU
		Debug|x64 = Debug|x64
		Debug|x86 = Debug|x86
		Release|Any CPU = Release|Any CPU
		Release|x64 = Release|x64
		Release|x86 = Release|x86
	EndGlobalSection
	GlobalSection(ProjectConfigurationPlatforms) = postSolution
		{538C52BA-2E48-47D2-8533-8CBDDEEBEA0A}.Debug|Any CPU.ActiveCfg = Debug|Any CPU
		{538C52BA-2E48-47D2-8533-8CBDDEEBEA0A}.Debug|Any CPU.Build.0 = Debug|Any CPU
		{538C52BA-2E48-47D2-8533-8CBDDEEBEA0A}.Debug|x64.ActiveCfg = Debug|Any CPU
		{538C52BA-2E48-47D2-8533-8CBDDEEBEA0A}.Debug|x64.Build.0 = Debug|Any CPU
		{538C52BA-2E48-47D2-8533-8CBDDEEBEA0A}.Debug|x86.ActiveCfg = Debug|Any CPU
		{538C52BA-2E48-47D2-8533-8CBDDEEBEA0A}.Debug|x86.Build.0 = Debug|Any CPU
		{538C52BA-2E48-47D2-8533-8CBDDEEBEA0A}.Release|Any CPU.ActiveCfg = Release|Any CPU
		{538C52BA-2E48-47D2-8533-8CBDDEEBEA0A}.Release|Any CPU.Build.0 = Release|Any CPU
		{538C52BA-2E48-47D2-8533-8CBDDEEBEA0A}.Release|x64.ActiveCfg = Release|Any CPU
		{538C52BA-2E48-47D2-8533-8CBDDEEBEA0A}.Release|x64.Build.0 = Release|Any CPU
		{538C52BA-2E48-47D2-8533-8CBDDEEBEA0A}.Release|x86.ActiveCfg = Release|Any CPU
		{538C52BA-2E48-47D2-8533-8CBDDEEBEA0A}.Release|x86.Build.0 = Release|Any CPU
		{1BF9C56C-C2FE-4655-AE8A-3C7875EF0613}.Debug|Any CPU.ActiveCfg = Debug|Any CPU
		{1BF9C56C-C2FE-4655-AE8A-3C7875EF0613}.Debug|Any CPU.Build.0 = Debug|Any CPU
		{1BF9C56C-C2FE-4655-AE8A-3C7875EF0613}.Debug|x64.ActiveCfg = Debug|Any CPU
		{1BF9C56C-C2FE-4655-AE8A-3C7875EF0613}.Debug|x64.Build.0 = Debug|Any CPU
		{1BF9C56C-C2FE-4655-AE8A-3C7875EF0613}.Debug|x86.ActiveCfg = Debug|Any CPU
		{1BF9C56C-C2FE-4655-AE8A-3C7875EF0613}.Debug|x86.Build.0 = Debug|Any CPU
		{1BF9C56C-C2FE-4655-AE8A-3C7875EF0613}.Release|Any CPU.ActiveCfg = Release|Any CPU
		{1BF9C56C-C2FE-4655-AE8A-3C7875EF0613}.Release|Any CPU.Build.0 = Release|Any CPU
		{1BF9C56C-C2FE-4655-AE8A-3C7875EF0613}.Release|x64.ActiveCfg = Release|Any CPU
		{1BF9C56C-C2FE-4655-AE8A-3C7875EF0613}.Release|x64.Build.0 = Release|Any CPU
		{1BF9C56C-C2FE-4655-AE8A-3C7875EF0613}.Release|x86.ActiveCfg = Release|Any CPU
		{1BF9C56C-C2FE-4655-AE8A-3C7875EF0613}.Release|x86.Build.0 = Release|Any CPU
		{FFF44706-53EB-4869-A451-6AFF0368BE63}.Debug|Any CPU.ActiveCfg = Debug|Any CPU
		{FFF44706-53EB-4869-A451-6AFF0368BE63}.Debug|Any CPU.Build.0 = Debug|Any CPU
		{FFF44706-53EB-4869-A451-6AFF0368BE63}.Debug|x64.ActiveCfg = Debug|Any CPU
		{FFF44706-53EB-4869-A451-6AFF0368BE63}.Debug|x64.Build.0 = Debug|Any CPU
		{FFF44706-53EB-4869-A451-6AFF0368BE63}.Debug|x86.ActiveCfg = Debug|Any CPU
		{FFF44706-53EB-4869-A451-6AFF0368BE63}.Debug|x86.Build.0 = Debug|Any CPU
		{FFF44706-53EB-4869-A451-6AFF0368BE63}.Release|Any CPU.ActiveCfg = Release|Any CPU
		{FFF44706-53EB-4869-A451-6AFF0368BE63}.Release|Any CPU.Build.0 = Release|Any CPU
		{FFF44706-53EB-4869-A451-6AFF0368BE63}.Release|x64.ActiveCfg = Release|Any CPU
		{FFF44706-53EB-4869-A451-6AFF0368BE63}.Release|x64.Build.0 = Release|Any CPU
		{FFF44706-53EB-4869-A451-6AFF0368BE63}.Release|x86.ActiveCfg = Release|Any CPU
		{FFF44706-53EB-4869-A451-6AFF0368BE63}.Release|x86.Build.0 = Release|Any CPU
		{E70CC11D-D76A-48C7-AD77-7FD5B07A7536}.Debug|Any CPU.ActiveCfg = Debug|Any CPU
		{E70CC11D-D76A-48C7-AD77-7FD5B07A7536}.Debug|Any CPU.Build.0 = Debug|Any CPU
		{E70CC11D-D76A-48C7-AD77-7FD5B07A7536}.Debug|x64.ActiveCfg = Debug|Any CPU
		{E70CC11D-D76A-48C7-AD77-7FD5B07A7536}.Debug|x64.Build.0 = Debug|Any CPU
		{E70CC11D-D76A-48C7-AD77-7FD5B07A7536}.Debug|x86.ActiveCfg = Debug|Any CPU
		{E70CC11D-D76A-48C7-AD77-7FD5B07A7536}.Debug|x86.Build.0 = Debug|Any CPU
		{E70CC11D-D76A-48C7-AD77-7FD5B07A7536}.Release|Any CPU.ActiveCfg = Release|Any CPU
		{E70CC11D-D76A-48C7-AD77-7FD5B07A7536}.Release|Any CPU.Build.0 = Release|Any CPU
		{E70CC11D-D76A-48C7-AD77-7FD5B07A7536}.Release|x64.ActiveCfg = Release|Any CPU
		{E70CC11D-D76A-48C7-AD77-7FD5B07A7536}.Release|x64.Build.0 = Release|Any CPU
		{E70CC11D-D76A-48C7-AD77-7FD5B07A7536}.Release|x86.ActiveCfg = Release|Any CPU
		{E70CC11D-D76A-48C7-AD77-7FD5B07A7536}.Release|x86.Build.0 = Release|Any CPU
		{CC9D808B-296D-4EA7-825B-F19EEB2D4E8C}.Debug|Any CPU.ActiveCfg = Debug|Any CPU
		{CC9D808B-296D-4EA7-825B-F19EEB2D4E8C}.Debug|Any CPU.Build.0 = Debug|Any CPU
		{CC9D808B-296D-4EA7-825B-F19EEB2D4E8C}.Debug|x64.ActiveCfg = Debug|Any CPU
		{CC9D808B-296D-4EA7-825B-F19EEB2D4E8C}.Debug|x64.Build.0 = Debug|Any CPU
		{CC9D808B-296D-4EA7-825B-F19EEB2D4E8C}.Debug|x86.ActiveCfg = Debug|Any CPU
		{CC9D808B-296D-4EA7-825B-F19EEB2D4E8C}.Debug|x86.Build.0 = Debug|Any CPU
		{CC9D808B-296D-4EA7-825B-F19EEB2D4E8C}.Release|Any CPU.ActiveCfg = Release|Any CPU
		{CC9D808B-296D-4EA7-825B-F19EEB2D4E8C}.Release|Any CPU.Build.0 = Release|Any CPU
		{CC9D808B-296D-4EA7-825B-F19EEB2D4E8C}.Release|x64.ActiveCfg = Release|Any CPU
		{CC9D808B-296D-4EA7-825B-F19EEB2D4E8C}.Release|x64.Build.0 = Release|Any CPU
		{CC9D808B-296D-4EA7-825B-F19EEB2D4E8C}.Release|x86.ActiveCfg = Release|Any CPU
		{CC9D808B-296D-4EA7-825B-F19EEB2D4E8C}.Release|x86.Build.0 = Release|Any CPU
	EndGlobalSection
	GlobalSection(SolutionProperties) = preSolution
		HideSolutionNode = FALSE
	EndGlobalSection
	GlobalSection(ExtensibilityGlobals) = postSolution
		SolutionGuid = {AE7BB26A-830D-4676-ACCB-6F524522BDFD}
	EndGlobalSection
EndGlobal
